
Microsoft Visual Studio Solution File, Format Version 12.00
# Visual Studio 15
VisualStudioVersion = 15.0.28307.1800
MinimumVisualStudioVersion = 10.0.40219.1
Project("{FAE04EC0-301F-11D3-BF4B-00C04F79EFBC}") = "CATA", "CATA\CATA.csproj", "{B2455772-0C7F-4620-B9D0-268ED22F59E2}"
EndProject
Global
	GlobalSection(SolutionConfigurationPlatforms) = preSolution
		Debug|Any CPU = Debug|Any CPU
		Release|Any CPU = Release|Any CPU
	EndGlobalSection
	GlobalSection(ProjectConfigurationPlatforms) = postSolution
		{B2455772-0C7F-4620-B9D0-268ED22F59E2}.Debug|Any CPU.ActiveCfg = Debug|Any CPU
		{B2455772-0C7F-4620-B9D0-268ED22F59E2}.Debug|Any CPU.Build.0 = Debug|Any CPU
		{B2455772-0C7F-4620-B9D0-268ED22F59E2}.Release|Any CPU.ActiveCfg = Release|Any CPU
		{B2455772-0C7F-4620-B9D0-268ED22F59E2}.Release|Any CPU.Build.0 = Release|Any CPU
	EndGlobalSection
	GlobalSection(SolutionProperties) = preSolution
		HideSolutionNode = FALSE
	EndGlobalSection
	GlobalSection(ExtensibilityGlobals) = postSolution
		SolutionGuid = {46A16198-32EC-4E63-ADBF-B33B0ADE914A}
	EndGlobalSection
EndGlobal
